
Microsoft Visual Studio Solution File, Format Version 12.00
# Visual Studio 15
VisualStudioVersion = 15.0.28307.136
MinimumVisualStudioVersion = 10.0.40219.1
Project("{FAE04EC0-301F-11D3-BF4B-00C04F79EFBC}") = "The7GATESArchive", "The7GATESArchive\The7GATESArchive.csproj", "{91BA33BE-E2D2-4448-8C4D-49BDF278F3E3}"
EndProject
Project("{FAE04EC0-301F-11D3-BF4B-00C04F79EFBC}") = "apiupdater", "apiupdater\apiupdater.csproj", "{27AD9DE9-FD93-492B-B415-E55ACED74E94}"
EndProject
Project("{FAE04EC0-301F-11D3-BF4B-00C04F79EFBC}") = "7GatesDatabase", "7GatesDatabase\7GatesDatabase.csproj", "{0AF359DC-BCB6-49A9-8B96-0F605DA62A59}"
EndProject
Project("{2150E333-8FDC-42A3-9474-1A3956D46DE8}") = "Solution Items", "Solution Items", "{76818452-BB3B-4687-89C3-B9DAAE51956D}"
	ProjectSection(SolutionItems) = preProject
		..\OneDrive\Documents\Backup Files\Grant.sql = ..\OneDrive\Documents\Backup Files\Grant.sql
	EndProjectSection
EndProject
Global
	GlobalSection(SolutionConfigurationPlatforms) = preSolution
		Debug|Any CPU = Debug|Any CPU
		Release|Any CPU = Release|Any CPU
	EndGlobalSection
	GlobalSection(ProjectConfigurationPlatforms) = postSolution
		{91BA33BE-E2D2-4448-8C4D-49BDF278F3E3}.Debug|Any CPU.ActiveCfg = Debug|Any CPU
		{91BA33BE-E2D2-4448-8C4D-49BDF278F3E3}.Debug|Any CPU.Build.0 = Debug|Any CPU
		{91BA33BE-E2D2-4448-8C4D-49BDF278F3E3}.Release|Any CPU.ActiveCfg = Release|Any CPU
		{91BA33BE-E2D2-4448-8C4D-49BDF278F3E3}.Release|Any CPU.Build.0 = Release|Any CPU
		{27AD9DE9-FD93-492B-B415-E55ACED74E94}.Debug|Any CPU.ActiveCfg = Debug|Any CPU
		{27AD9DE9-FD93-492B-B415-E55ACED74E94}.Debug|Any CPU.Build.0 = Debug|Any CPU
		{27AD9DE9-FD93-492B-B415-E55ACED74E94}.Release|Any CPU.ActiveCfg = Release|Any CPU
		{27AD9DE9-FD93-492B-B415-E55ACED74E94}.Release|Any CPU.Build.0 = Release|Any CPU
		{0AF359DC-BCB6-49A9-8B96-0F605DA62A59}.Debug|Any CPU.ActiveCfg = Debug|Any CPU
		{0AF359DC-BCB6-49A9-8B96-0F605DA62A59}.Debug|Any CPU.Build.0 = Debug|Any CPU
		{0AF359DC-BCB6-49A9-8B96-0F605DA62A59}.Release|Any CPU.ActiveCfg = Release|Any CPU
		{0AF359DC-BCB6-49A9-8B96-0F605DA62A59}.Release|Any CPU.Build.0 = Release|Any CPU
	EndGlobalSection
	GlobalSection(SolutionProperties) = preSolution
		HideSolutionNode = FALSE
	EndGlobalSection
	GlobalSection(ExtensibilityGlobals) = postSolution
		SolutionGuid = {A0BEE840-6482-45F1-AC0B-11FAC36FFAAA}
	EndGlobalSection
EndGlobal
